
Microsoft Visual Studio Solution File, Format Version 12.00
# Visual Studio Version 17
VisualStudioVersion = 17.7.34024.191
MinimumVisualStudioVersion = 10.0.40219.1
Project("{FAE04EC0-301F-11D3-BF4B-00C04F79EFBC}") = "Bondesjakk-ny", "Bondesjakk-ny\Bondesjakk-ny.csproj", "{81BC620C-054E-4B80-9D8B-46A5CED23547}"
EndProject
Global
	GlobalSection(SolutionConfigurationPlatforms) = preSolution
		Debug|Any CPU = Debug|Any CPU
		Release|Any CPU = Release|Any CPU
	EndGlobalSection
	GlobalSection(ProjectConfigurationPlatforms) = postSolution
		{81BC620C-054E-4B80-9D8B-46A5CED23547}.Debug|Any CPU.ActiveCfg = Debug|Any CPU
		{81BC620C-054E-4B80-9D8B-46A5CED23547}.Debug|Any CPU.Build.0 = Debug|Any CPU
		{81BC620C-054E-4B80-9D8B-46A5CED23547}.Release|Any CPU.ActiveCfg = Release|Any CPU
		{81BC620C-054E-4B80-9D8B-46A5CED23547}.Release|Any CPU.Build.0 = Release|Any CPU
	EndGlobalSection
	GlobalSection(SolutionProperties) = preSolution
		HideSolutionNode = FALSE
	EndGlobalSection
	GlobalSection(ExtensibilityGlobals) = postSolution
		SolutionGuid = {332206CE-F737-498A-88F1-AEF838BF905D}
	EndGlobalSection
EndGlobal
